
Microsoft Visual Studio Solution File, Format Version 12.00
# Visual Studio 2012
Project("{FAE04EC0-301F-11D3-BF4B-00C04F79EFBC}") = "NArms.Howitzer.Tests", "src\NArms.Howitzer.Tests\NArms.Howitzer.Tests.csproj", "{2AE63F6F-2494-4111-85C4-400A7E3A348A}"
EndProject
Project("{FAE04EC0-301F-11D3-BF4B-00C04F79EFBC}") = "NArms.Howitzer", "src\NArms.Howitzer\NArms.Howitzer.csproj", "{7A3DC79D-19FA-444E-BF5E-7C859A0DC656}"
EndProject
Project("{FAE04EC0-301F-11D3-BF4B-00C04F79EFBC}") = "NArms.Gunbarrel.Tests", "src\NArms.Gunbarrel.Tests\NArms.Gunbarrel.Tests.csproj", "{012DA387-4E2E-4E83-8D70-E4D04318822C}"
EndProject
Project("{FAE04EC0-301F-11D3-BF4B-00C04F79EFBC}") = "NArms.Gunbarrel", "src\NArms.Gunbarrel\NArms.Gunbarrel.csproj", "{B6EE37AE-3218-4B94-9527-4EC1C0339CA4}"
EndProject
Project("{FAE04EC0-301F-11D3-BF4B-00C04F79EFBC}") = "NArms.Howitzer.Rss", "src\NArms.Howitzer.Rss\NArms.Howitzer.Rss.csproj", "{6B25A1C5-5E5B-4CC5-BF9D-2F10E1F0E146}"
EndProject
Project("{FAE04EC0-301F-11D3-BF4B-00C04F79EFBC}") = "NArms.Howitzer.Rss.Tests", "src\NArms.Howitzer.Rss.Tests\NArms.Howitzer.Rss.Tests.csproj", "{256690E2-016F-4B85-B83A-AFB9F2067401}"
EndProject
Project("{FAE04EC0-301F-11D3-BF4B-00C04F79EFBC}") = "NArms.Core", "src\NArms.Core\NArms.Core.csproj", "{176DD905-A976-4292-BE59-5A1836DE22DD}"
EndProject
Project("{FAE04EC0-301F-11D3-BF4B-00C04F79EFBC}") = "NArms.Core.Tests", "src\NArms.Core.Tests\NArms.Core.Tests.csproj", "{7ED930DB-60A9-4A07-8033-6F622CD92512}"
EndProject
Project("{FAE04EC0-301F-11D3-BF4B-00C04F79EFBC}") = "NArms.Appflow", "src\NArms.Appflow\NArms.Appflow.csproj", "{A3829C14-9CE2-47D1-9BFB-8536C683F502}"
EndProject
Project("{FAE04EC0-301F-11D3-BF4B-00C04F79EFBC}") = "NArms.Appflow.Tests", "src\NArms.Appflow.Tests\NArms.Appflow.Tests.csproj", "{1C46087C-CB39-4803-BEB7-8C250E2ED64C}"
EndProject
Project("{FAE04EC0-301F-11D3-BF4B-00C04F79EFBC}") = "NArms.Surgery", "src\NArms.Surgery\NArms.Surgery.csproj", "{5D2D4E2C-5652-448C-9424-1954450B79D5}"
EndProject
Project("{FAE04EC0-301F-11D3-BF4B-00C04F79EFBC}") = "NArms.Surgery.Tests", "src\NArms.Surgery.Tests\NArms.Surgery.Tests.csproj", "{F843D91B-33B5-4766-B5F4-BAA8A960570D}"
EndProject
Project("{FAE04EC0-301F-11D3-BF4B-00C04F79EFBC}") = "NArms.Compiling", "src\Compiling\NArms.Compiling.csproj", "{E66195D5-E7D3-46BD-9C1F-7C4C9FC87929}"
EndProject
Project("{FAE04EC0-301F-11D3-BF4B-00C04F79EFBC}") = "NArms.Compiling.Tests", "src\Compiling.Tests\NArms.Compiling.Tests.csproj", "{2605DE17-523F-4919-A6B8-59E7A056942B}"
EndProject
Project("{2150E333-8FDC-42A3-9474-1A3956D46DE8}") = ".Build", ".Build", "{6D80E186-8193-4B58-96C8-C98E568C1722}"
EndProject
Project("{2150E333-8FDC-42A3-9474-1A3956D46DE8}") = "Appflow", "Appflow", "{BDDA5F12-6556-4182-B917-9436EA34A651}"
EndProject
Project("{2150E333-8FDC-42A3-9474-1A3956D46DE8}") = "Core", "Core", "{A95B517F-1145-41BC-833F-53222A210307}"
EndProject
Project("{2150E333-8FDC-42A3-9474-1A3956D46DE8}") = "Gunbarrel", "Gunbarrel", "{89ECC002-2EB7-49B7-8685-9918A49A54AC}"
EndProject
Project("{2150E333-8FDC-42A3-9474-1A3956D46DE8}") = "Howitzer", "Howitzer", "{56462B07-F5B6-4A4A-A898-8C14FD0664F1}"
EndProject
Project("{2150E333-8FDC-42A3-9474-1A3956D46DE8}") = "Surgery", "Surgery", "{2E52F880-A275-41A5-BA7C-371EC8D038EB}"
EndProject
Project("{2150E333-8FDC-42A3-9474-1A3956D46DE8}") = ".SolutionItems", ".SolutionItems", "{9F0431BD-C979-43DD-80B6-39213B040C45}"
	ProjectSection(SolutionItems) = preProject
		LICENSE = LICENSE
		README.md = README.md
	EndProjectSection
EndProject
Project("{2150E333-8FDC-42A3-9474-1A3956D46DE8}") = "Compiling", "Compiling", "{0B429748-B9DB-419E-B27A-CA5839C41D87}"
EndProject
Project("{2150E333-8FDC-42A3-9474-1A3956D46DE8}") = "Shrapnel", "Shrapnel", "{34894491-EEA8-4018-822D-EF55DEA92BBD}"
EndProject
Project("{FAE04EC0-301F-11D3-BF4B-00C04F79EFBC}") = "NArms.Shrapnel", "src\NArms.Shrapnel\NArms.Shrapnel.csproj", "{08EDCAF1-823E-42C4-ABA1-DFF8F4F93258}"
EndProject
Project("{FAE04EC0-301F-11D3-BF4B-00C04F79EFBC}") = "NArms.Shrapnel.Tests", "src\NArms.Shrapnel.Tests\NArms.Shrapnel.Tests.csproj", "{38B34CE4-1D17-46C3-988C-7898D14D29A9}"
EndProject
Project("{2150E333-8FDC-42A3-9474-1A3956D46DE8}") = "Smoothbore", "Smoothbore", "{907B4202-9B38-4D01-90E2-C6FC2D84523C}"
EndProject
Project("{FAE04EC0-301F-11D3-BF4B-00C04F79EFBC}") = "NArms.Smoothbore", "src\Smoothbore\NArms.Smoothbore\NArms.Smoothbore.csproj", "{5B863E1D-4700-4F88-98BB-20228276FFDC}"
EndProject
Project("{FAE04EC0-301F-11D3-BF4B-00C04F79EFBC}") = "NArms.Smoothbore.Tests", "src\Smoothbore\NArms.Smoothbore.Tests\NArms.Smoothbore.Tests.csproj", "{A677EF3C-C5AB-4CBD-949A-930D74B64114}"
EndProject
Project("{2150E333-8FDC-42A3-9474-1A3956D46DE8}") = "AutoMapper", "AutoMapper", "{ADCC19B3-BF1F-4F3A-89BF-25507A60B5BF}"
EndProject
Project("{FAE04EC0-301F-11D3-BF4B-00C04F79EFBC}") = "NArms.AutoMapper", "src\NArms.AutoMapper\NArms.AutoMapper.csproj", "{77A49F03-CB8F-47C7-B341-76A8AF02F3D3}"
EndProject
Project("{2150E333-8FDC-42A3-9474-1A3956D46DE8}") = ".Nuspec", ".Nuspec", "{5DC9E68A-3006-4E41-BA74-ED7F3E396329}"
	ProjectSection(SolutionItems) = preProject
		src\NArms.AutoMapper\NArms.AutoMapper.nuspec = src\NArms.AutoMapper\NArms.AutoMapper.nuspec
		src\NArms.Core\NArms.Core.nuspec = src\NArms.Core\NArms.Core.nuspec
	EndProjectSection
EndProject
Project("{2150E333-8FDC-42A3-9474-1A3956D46DE8}") = "TrenchGun", "TrenchGun", "{EDC000C9-0093-4754-9AF4-D53911B962A2}"
EndProject
Project("{FAE04EC0-301F-11D3-BF4B-00C04F79EFBC}") = "NArms.TrenchGun", "src\NArms.TrenchGun\NArms.TrenchGun.csproj", "{6963B696-5F00-4CB0-8025-FE97F54AB4E2}"
EndProject
Global
	GlobalSection(SolutionConfigurationPlatforms) = preSolution
		Debug|Any CPU = Debug|Any CPU
		Release|Any CPU = Release|Any CPU
	EndGlobalSection
	GlobalSection(ProjectConfigurationPlatforms) = postSolution
		{2AE63F6F-2494-4111-85C4-400A7E3A348A}.Debug|Any CPU.ActiveCfg = Debug|Any CPU
		{2AE63F6F-2494-4111-85C4-400A7E3A348A}.Debug|Any CPU.Build.0 = Debug|Any CPU
		{2AE63F6F-2494-4111-85C4-400A7E3A348A}.Release|Any CPU.ActiveCfg = Release|Any CPU
		{2AE63F6F-2494-4111-85C4-400A7E3A348A}.Release|Any CPU.Build.0 = Release|Any CPU
		{7A3DC79D-19FA-444E-BF5E-7C859A0DC656}.Debug|Any CPU.ActiveCfg = Debug|Any CPU
		{7A3DC79D-19FA-444E-BF5E-7C859A0DC656}.Debug|Any CPU.Build.0 = Debug|Any CPU
		{7A3DC79D-19FA-444E-BF5E-7C859A0DC656}.Release|Any CPU.ActiveCfg = Release|Any CPU
		{7A3DC79D-19FA-444E-BF5E-7C859A0DC656}.Release|Any CPU.Build.0 = Release|Any CPU
		{012DA387-4E2E-4E83-8D70-E4D04318822C}.Debug|Any CPU.ActiveCfg = Debug|Any CPU
		{012DA387-4E2E-4E83-8D70-E4D04318822C}.Debug|Any CPU.Build.0 = Debug|Any CPU
		{012DA387-4E2E-4E83-8D70-E4D04318822C}.Release|Any CPU.ActiveCfg = Release|Any CPU
		{012DA387-4E2E-4E83-8D70-E4D04318822C}.Release|Any CPU.Build.0 = Release|Any CPU
		{B6EE37AE-3218-4B94-9527-4EC1C0339CA4}.Debug|Any CPU.ActiveCfg = Debug|Any CPU
		{B6EE37AE-3218-4B94-9527-4EC1C0339CA4}.Debug|Any CPU.Build.0 = Debug|Any CPU
		{B6EE37AE-3218-4B94-9527-4EC1C0339CA4}.Release|Any CPU.ActiveCfg = Release|Any CPU
		{B6EE37AE-3218-4B94-9527-4EC1C0339CA4}.Release|Any CPU.Build.0 = Release|Any CPU
		{6B25A1C5-5E5B-4CC5-BF9D-2F10E1F0E146}.Debug|Any CPU.ActiveCfg = Debug|Any CPU
		{6B25A1C5-5E5B-4CC5-BF9D-2F10E1F0E146}.Debug|Any CPU.Build.0 = Debug|Any CPU
		{6B25A1C5-5E5B-4CC5-BF9D-2F10E1F0E146}.Release|Any CPU.ActiveCfg = Release|Any CPU
		{6B25A1C5-5E5B-4CC5-BF9D-2F10E1F0E146}.Release|Any CPU.Build.0 = Release|Any CPU
		{256690E2-016F-4B85-B83A-AFB9F2067401}.Debug|Any CPU.ActiveCfg = Debug|Any CPU
		{256690E2-016F-4B85-B83A-AFB9F2067401}.Debug|Any CPU.Build.0 = Debug|Any CPU
		{256690E2-016F-4B85-B83A-AFB9F2067401}.Release|Any CPU.ActiveCfg = Release|Any CPU
		{256690E2-016F-4B85-B83A-AFB9F2067401}.Release|Any CPU.Build.0 = Release|Any CPU
		{176DD905-A976-4292-BE59-5A1836DE22DD}.Debug|Any CPU.ActiveCfg = Debug|Any CPU
		{176DD905-A976-4292-BE59-5A1836DE22DD}.Debug|Any CPU.Build.0 = Debug|Any CPU
		{176DD905-A976-4292-BE59-5A1836DE22DD}.Release|Any CPU.ActiveCfg = Release|Any CPU
		{176DD905-A976-4292-BE59-5A1836DE22DD}.Release|Any CPU.Build.0 = Release|Any CPU
		{7ED930DB-60A9-4A07-8033-6F622CD92512}.Debug|Any CPU.ActiveCfg = Debug|Any CPU
		{7ED930DB-60A9-4A07-8033-6F622CD92512}.Debug|Any CPU.Build.0 = Debug|Any CPU
		{7ED930DB-60A9-4A07-8033-6F622CD92512}.Release|Any CPU.ActiveCfg = Release|Any CPU
		{7ED930DB-60A9-4A07-8033-6F622CD92512}.Release|Any CPU.Build.0 = Release|Any CPU
		{A3829C14-9CE2-47D1-9BFB-8536C683F502}.Debug|Any CPU.ActiveCfg = Debug|Any CPU
		{A3829C14-9CE2-47D1-9BFB-8536C683F502}.Debug|Any CPU.Build.0 = Debug|Any CPU
		{A3829C14-9CE2-47D1-9BFB-8536C683F502}.Release|Any CPU.ActiveCfg = Release|Any CPU
		{A3829C14-9CE2-47D1-9BFB-8536C683F502}.Release|Any CPU.Build.0 = Release|Any CPU
		{1C46087C-CB39-4803-BEB7-8C250E2ED64C}.Debug|Any CPU.ActiveCfg = Debug|Any CPU
		{1C46087C-CB39-4803-BEB7-8C250E2ED64C}.Debug|Any CPU.Build.0 = Debug|Any CPU
		{1C46087C-CB39-4803-BEB7-8C250E2ED64C}.Release|Any CPU.ActiveCfg = Release|Any CPU
		{1C46087C-CB39-4803-BEB7-8C250E2ED64C}.Release|Any CPU.Build.0 = Release|Any CPU
		{5D2D4E2C-5652-448C-9424-1954450B79D5}.Debug|Any CPU.ActiveCfg = Debug|Any CPU
		{5D2D4E2C-5652-448C-9424-1954450B79D5}.Debug|Any CPU.Build.0 = Debug|Any CPU
		{5D2D4E2C-5652-448C-9424-1954450B79D5}.Release|Any CPU.ActiveCfg = Release|Any CPU
		{5D2D4E2C-5652-448C-9424-1954450B79D5}.Release|Any CPU.Build.0 = Release|Any CPU
		{F843D91B-33B5-4766-B5F4-BAA8A960570D}.Debug|Any CPU.ActiveCfg = Debug|Any CPU
		{F843D91B-33B5-4766-B5F4-BAA8A960570D}.Debug|Any CPU.Build.0 = Debug|Any CPU
		{F843D91B-33B5-4766-B5F4-BAA8A960570D}.Release|Any CPU.ActiveCfg = Release|Any CPU
		{F843D91B-33B5-4766-B5F4-BAA8A960570D}.Release|Any CPU.Build.0 = Release|Any CPU
		{E66195D5-E7D3-46BD-9C1F-7C4C9FC87929}.Debug|Any CPU.ActiveCfg = Debug|Any CPU
		{E66195D5-E7D3-46BD-9C1F-7C4C9FC87929}.Debug|Any CPU.Build.0 = Debug|Any CPU
		{E66195D5-E7D3-46BD-9C1F-7C4C9FC87929}.Release|Any CPU.ActiveCfg = Release|Any CPU
		{E66195D5-E7D3-46BD-9C1F-7C4C9FC87929}.Release|Any CPU.Build.0 = Release|Any CPU
		{2605DE17-523F-4919-A6B8-59E7A056942B}.Debug|Any CPU.ActiveCfg = Debug|Any CPU
		{2605DE17-523F-4919-A6B8-59E7A056942B}.Debug|Any CPU.Build.0 = Debug|Any CPU
		{2605DE17-523F-4919-A6B8-59E7A056942B}.Release|Any CPU.ActiveCfg = Release|Any CPU
		{2605DE17-523F-4919-A6B8-59E7A056942B}.Release|Any CPU.Build.0 = Release|Any CPU
		{08EDCAF1-823E-42C4-ABA1-DFF8F4F93258}.Debug|Any CPU.ActiveCfg = Debug|Any CPU
		{08EDCAF1-823E-42C4-ABA1-DFF8F4F93258}.Debug|Any CPU.Build.0 = Debug|Any CPU
		{08EDCAF1-823E-42C4-ABA1-DFF8F4F93258}.Release|Any CPU.ActiveCfg = Release|Any CPU
		{08EDCAF1-823E-42C4-ABA1-DFF8F4F93258}.Release|Any CPU.Build.0 = Release|Any CPU
		{38B34CE4-1D17-46C3-988C-7898D14D29A9}.Debug|Any CPU.ActiveCfg = Debug|Any CPU
		{38B34CE4-1D17-46C3-988C-7898D14D29A9}.Debug|Any CPU.Build.0 = Debug|Any CPU
		{38B34CE4-1D17-46C3-988C-7898D14D29A9}.Release|Any CPU.ActiveCfg = Release|Any CPU
		{38B34CE4-1D17-46C3-988C-7898D14D29A9}.Release|Any CPU.Build.0 = Release|Any CPU
		{5B863E1D-4700-4F88-98BB-20228276FFDC}.Debug|Any CPU.ActiveCfg = Debug|Any CPU
		{5B863E1D-4700-4F88-98BB-20228276FFDC}.Debug|Any CPU.Build.0 = Debug|Any CPU
		{5B863E1D-4700-4F88-98BB-20228276FFDC}.Release|Any CPU.ActiveCfg = Release|Any CPU
		{5B863E1D-4700-4F88-98BB-20228276FFDC}.Release|Any CPU.Build.0 = Release|Any CPU
		{A677EF3C-C5AB-4CBD-949A-930D74B64114}.Debug|Any CPU.ActiveCfg = Debug|Any CPU
		{A677EF3C-C5AB-4CBD-949A-930D74B64114}.Debug|Any CPU.Build.0 = Debug|Any CPU
		{A677EF3C-C5AB-4CBD-949A-930D74B64114}.Release|Any CPU.ActiveCfg = Release|Any CPU
		{A677EF3C-C5AB-4CBD-949A-930D74B64114}.Release|Any CPU.Build.0 = Release|Any CPU
		{77A49F03-CB8F-47C7-B341-76A8AF02F3D3}.Debug|Any CPU.ActiveCfg = Debug|Any CPU
		{77A49F03-CB8F-47C7-B341-76A8AF02F3D3}.Debug|Any CPU.Build.0 = Debug|Any CPU
		{77A49F03-CB8F-47C7-B341-76A8AF02F3D3}.Release|Any CPU.ActiveCfg = Release|Any CPU
		{77A49F03-CB8F-47C7-B341-76A8AF02F3D3}.Release|Any CPU.Build.0 = Release|Any CPU
		{6963B696-5F00-4CB0-8025-FE97F54AB4E2}.Debug|Any CPU.ActiveCfg = Debug|Any CPU
		{6963B696-5F00-4CB0-8025-FE97F54AB4E2}.Debug|Any CPU.Build.0 = Debug|Any CPU
		{6963B696-5F00-4CB0-8025-FE97F54AB4E2}.Release|Any CPU.ActiveCfg = Release|Any CPU
		{6963B696-5F00-4CB0-8025-FE97F54AB4E2}.Release|Any CPU.Build.0 = Release|Any CPU
	EndGlobalSection
	GlobalSection(SolutionProperties) = preSolution
		HideSolutionNode = FALSE
	EndGlobalSection
	GlobalSection(NestedProjects) = preSolution
		{7A3DC79D-19FA-444E-BF5E-7C859A0DC656} = {56462B07-F5B6-4A4A-A898-8C14FD0664F1}
		{6B25A1C5-5E5B-4CC5-BF9D-2F10E1F0E146} = {56462B07-F5B6-4A4A-A898-8C14FD0664F1}
		{256690E2-016F-4B85-B83A-AFB9F2067401} = {56462B07-F5B6-4A4A-A898-8C14FD0664F1}
		{2AE63F6F-2494-4111-85C4-400A7E3A348A} = {56462B07-F5B6-4A4A-A898-8C14FD0664F1}
		{B6EE37AE-3218-4B94-9527-4EC1C0339CA4} = {89ECC002-2EB7-49B7-8685-9918A49A54AC}
		{012DA387-4E2E-4E83-8D70-E4D04318822C} = {89ECC002-2EB7-49B7-8685-9918A49A54AC}
		{7ED930DB-60A9-4A07-8033-6F622CD92512} = {A95B517F-1145-41BC-833F-53222A210307}
		{176DD905-A976-4292-BE59-5A1836DE22DD} = {A95B517F-1145-41BC-833F-53222A210307}
		{1C46087C-CB39-4803-BEB7-8C250E2ED64C} = {BDDA5F12-6556-4182-B917-9436EA34A651}
		{A3829C14-9CE2-47D1-9BFB-8536C683F502} = {BDDA5F12-6556-4182-B917-9436EA34A651}
		{F843D91B-33B5-4766-B5F4-BAA8A960570D} = {2E52F880-A275-41A5-BA7C-371EC8D038EB}
		{5D2D4E2C-5652-448C-9424-1954450B79D5} = {2E52F880-A275-41A5-BA7C-371EC8D038EB}
		{2605DE17-523F-4919-A6B8-59E7A056942B} = {0B429748-B9DB-419E-B27A-CA5839C41D87}
		{E66195D5-E7D3-46BD-9C1F-7C4C9FC87929} = {0B429748-B9DB-419E-B27A-CA5839C41D87}
		{08EDCAF1-823E-42C4-ABA1-DFF8F4F93258} = {34894491-EEA8-4018-822D-EF55DEA92BBD}
		{38B34CE4-1D17-46C3-988C-7898D14D29A9} = {34894491-EEA8-4018-822D-EF55DEA92BBD}
		{5B863E1D-4700-4F88-98BB-20228276FFDC} = {907B4202-9B38-4D01-90E2-C6FC2D84523C}
		{A677EF3C-C5AB-4CBD-949A-930D74B64114} = {907B4202-9B38-4D01-90E2-C6FC2D84523C}
		{77A49F03-CB8F-47C7-B341-76A8AF02F3D3} = {ADCC19B3-BF1F-4F3A-89BF-25507A60B5BF}
		{6963B696-5F00-4CB0-8025-FE97F54AB4E2} = {EDC000C9-0093-4754-9AF4-D53911B962A2}
	EndGlobalSection
EndGlobal
